
Microsoft Visual Studio Solution File, Format Version 12.00
# Visual Studio 2012
Project("{FAE04EC0-301F-11D3-BF4B-00C04F79EFBC}") = "KinectConsoleApp", "KinectConsoleApp\KinectConsoleApp.csproj", "{DDF49BE0-5C73-45D9-BEBB-B95FEAE97FA3}"
EndProject
Global
	GlobalSection(SolutionConfigurationPlatforms) = preSolution
		Debug|Any CPU = Debug|Any CPU
		Release|Any CPU = Release|Any CPU
	EndGlobalSection
	GlobalSection(ProjectConfigurationPlatforms) = postSolution
		{DDF49BE0-5C73-45D9-BEBB-B95FEAE97FA3}.Debug|Any CPU.ActiveCfg = Debug|Any CPU
		{DDF49BE0-5C73-45D9-BEBB-B95FEAE97FA3}.Debug|Any CPU.Build.0 = Debug|Any CPU
		{DDF49BE0-5C73-45D9-BEBB-B95FEAE97FA3}.Release|Any CPU.ActiveCfg = Release|Any CPU
		{DDF49BE0-5C73-45D9-BEBB-B95FEAE97FA3}.Release|Any CPU.Build.0 = Release|Any CPU
	EndGlobalSection
	GlobalSection(SolutionProperties) = preSolution
		HideSolutionNode = FALSE
	EndGlobalSection
EndGlobal
